
Microsoft Visual Studio Solution File, Format Version 12.00
# Visual Studio Version 17
VisualStudioVersion = 17.6.33829.357
MinimumVisualStudioVersion = 10.0.40219.1
Project("{FAE04EC0-301F-11D3-BF4B-00C04F79EFBC}") = "Store", "Store\Store.csproj", "{47A5170A-92CD-40F3-89FB-C60D6F208934}"
EndProject
Global
	GlobalSection(SolutionConfigurationPlatforms) = preSolution
		Debug|Any CPU = Debug|Any CPU
		Release|Any CPU = Release|Any CPU
	EndGlobalSection
	GlobalSection(ProjectConfigurationPlatforms) = postSolution
		{47A5170A-92CD-40F3-89FB-C60D6F208934}.Debug|Any CPU.ActiveCfg = Debug|Any CPU
		{47A5170A-92CD-40F3-89FB-C60D6F208934}.Debug|Any CPU.Build.0 = Debug|Any CPU
		{47A5170A-92CD-40F3-89FB-C60D6F208934}.Release|Any CPU.ActiveCfg = Release|Any CPU
		{47A5170A-92CD-40F3-89FB-C60D6F208934}.Release|Any CPU.Build.0 = Release|Any CPU
	EndGlobalSection
	GlobalSection(SolutionProperties) = preSolution
		HideSolutionNode = FALSE
	EndGlobalSection
	GlobalSection(ExtensibilityGlobals) = postSolution
		SolutionGuid = {E22E717A-61FC-4568-9D6D-E774C1E236F5}
	EndGlobalSection
EndGlobal
